<?xml version="1.0" encoding="utf-8"?>
<Project ToolsVersion="4.0" xmlns="http://schemas.microsoft.com/developer/msbuild/2003">
  <ItemGroup>
    <Filter Include="Source Files">
      <UniqueIdentifier>{4FC737F1-C7A5-4376-A066-2A32D752A2FF}</UniqueIdentifier>
      <Extensions>cpp;c;cc;cxx;c++;cppm;ixx;def;odl;idl;hpj;bat;asm;asmx</Extensions>
    </Filter>
    <Filter Include="Header Files">
      <UniqueIdentifier>{93995380-89BD-4b04-88EB-625FBE52EBFB}</UniqueIdentifier>
      <Extensions>h;hh;hpp;hxx;h++;hm;inl;inc;ipp;xsd</Extensions>
    </Filter>
    <Filter Include="Resource Files">
      <UniqueIdentifier>{67DA6AB6-F800-4c08-8B7A-83BB121AAD01}</UniqueIdentifier>
      <Extensions>rc;ico;cur;bmp;dlg;rc2;rct;bin;rgs;gif;jpg;jpeg;jpe;resx;tiff;tif;png;wav;mfcribbon-ms</Extensions>
    </Filter>
  </ItemGroup>
  <ItemGroup>
    <ClCompile Include="dxso\dxso_analysis.cpp">
      <Filter>Source Files</Filter>
    </ClCompile>
    <ClCompile Include="dxso\dxso_code.cpp">
      <Filter>Source Files</Filter>
    </ClCompile>
    <ClCompile Include="dxso\dxso_common.cpp">
      <Filter>Source Files</Filter>
    </ClCompile>
    <ClCompile Include="dxso\dxso_compiler.cpp">
      <Filter>Source Files</Filter>
    </ClCompile>
    <ClCompile Include="dxso\dxso_ctab.cpp">
      <Filter>Source Files</Filter>
    </ClCompile>
    <ClCompile Include="dxso\dxso_decoder.cpp">
      <Filter>Source Files</Filter>
    </ClCompile>
    <ClCompile Include="dxso\dxso_enums.cpp">
      <Filter>Source Files</Filter>
    </ClCompile>
    <ClCompile Include="dxso\dxso_header.cpp">
      <Filter>Source Files</Filter>
    </ClCompile>
    <ClCompile Include="dxso\dxso_module.cpp">
      <Filter>Source Files</Filter>
    </ClCompile>
    <ClCompile Include="dxso\dxso_options.cpp">
      <Filter>Source Files</Filter>
    </ClCompile>
    <ClCompile Include="dxso\dxso_reader.cpp">
      <Filter>Source Files</Filter>
    </ClCompile>
    <ClCompile Include="dxso\dxso_tables.cpp">
      <Filter>Source Files</Filter>
    </ClCompile>
    <ClCompile Include="dxso\dxso_util.cpp">
      <Filter>Source Files</Filter>
    </ClCompile>
    <ClCompile Include="dxvk\dxvk_adapter.cpp">
      <Filter>Source Files</Filter>
    </ClCompile>
    <ClCompile Include="dxvk\dxvk_barrier.cpp">
      <Filter>Source Files</Filter>
    </ClCompile>
    <ClCompile Include="dxvk\dxvk_buffer.cpp">
      <Filter>Source Files</Filter>
    </ClCompile>
    <ClCompile Include="dxvk\dxvk_cmdlist.cpp">
      <Filter>Source Files</Filter>
    </ClCompile>
    <ClCompile Include="dxvk\dxvk_compute.cpp">
      <Filter>Source Files</Filter>
    </ClCompile>
    <ClCompile Include="dxvk\dxvk_context.cpp">
      <Filter>Source Files</Filter>
    </ClCompile>
    <ClCompile Include="dxvk\dxvk_cs.cpp">
      <Filter>Source Files</Filter>
    </ClCompile>
    <ClCompile Include="dxvk\dxvk_data.cpp">
      <Filter>Source Files</Filter>
    </ClCompile>
    <ClCompile Include="dxvk\dxvk_descriptor.cpp">
      <Filter>Source Files</Filter>
    </ClCompile>
    <ClCompile Include="dxvk\dxvk_device.cpp">
      <Filter>Source Files</Filter>
    </ClCompile>
    <ClCompile Include="dxvk\dxvk_device_filter.cpp">
      <Filter>Source Files</Filter>
    </ClCompile>
    <ClCompile Include="dxvk\dxvk_extensions.cpp">
      <Filter>Source Files</Filter>
    </ClCompile>
    <ClCompile Include="dxvk\dxvk_fence.cpp">
      <Filter>Source Files</Filter>
    </ClCompile>
    <ClCompile Include="dxvk\dxvk_format.cpp">
      <Filter>Source Files</Filter>
    </ClCompile>
    <ClCompile Include="dxvk\dxvk_framebuffer.cpp">
      <Filter>Source Files</Filter>
    </ClCompile>
    <ClCompile Include="dxvk\dxvk_gpu_event.cpp">
      <Filter>Source Files</Filter>
    </ClCompile>
    <ClCompile Include="dxvk\dxvk_gpu_query.cpp">
      <Filter>Source Files</Filter>
    </ClCompile>
    <ClCompile Include="dxvk\dxvk_graphics.cpp">
      <Filter>Source Files</Filter>
    </ClCompile>
    <ClCompile Include="dxvk\dxvk_image.cpp">
      <Filter>Source Files</Filter>
    </ClCompile>
    <ClCompile Include="dxvk\dxvk_instance.cpp">
      <Filter>Source Files</Filter>
    </ClCompile>
    <ClCompile Include="dxvk\dxvk_lifetime.cpp">
      <Filter>Source Files</Filter>
    </ClCompile>
    <ClCompile Include="dxvk\dxvk_memory.cpp">
      <Filter>Source Files</Filter>
    </ClCompile>
    <ClCompile Include="dxvk\dxvk_meta_blit.cpp">
      <Filter>Source Files</Filter>
    </ClCompile>
    <ClCompile Include="dxvk\dxvk_meta_clear.cpp">
      <Filter>Source Files</Filter>
    </ClCompile>
    <ClCompile Include="dxvk\dxvk_meta_copy.cpp">
      <Filter>Source Files</Filter>
    </ClCompile>
    <ClCompile Include="dxvk\dxvk_meta_mipgen.cpp">
      <Filter>Source Files</Filter>
    </ClCompile>
    <ClCompile Include="dxvk\dxvk_meta_pack.cpp">
      <Filter>Source Files</Filter>
    </ClCompile>
    <ClCompile Include="dxvk\dxvk_meta_resolve.cpp">
      <Filter>Source Files</Filter>
    </ClCompile>
    <ClCompile Include="dxvk\dxvk_openvr.cpp">
      <Filter>Source Files</Filter>
    </ClCompile>
    <ClCompile Include="dxvk\dxvk_openxr.cpp">
      <Filter>Source Files</Filter>
    </ClCompile>
    <ClCompile Include="dxvk\dxvk_options.cpp">
      <Filter>Source Files</Filter>
    </ClCompile>
    <ClCompile Include="dxvk\dxvk_pipecache.cpp">
      <Filter>Source Files</Filter>
    </ClCompile>
    <ClCompile Include="dxvk\dxvk_pipelayout.cpp">
      <Filter>Source Files</Filter>
    </ClCompile>
    <ClCompile Include="dxvk\dxvk_pipemanager.cpp">
      <Filter>Source Files</Filter>
    </ClCompile>
    <ClCompile Include="dxvk\dxvk_queue.cpp">
      <Filter>Source Files</Filter>
    </ClCompile>
    <ClCompile Include="dxvk\dxvk_renderpass.cpp">
      <Filter>Source Files</Filter>
    </ClCompile>
    <ClCompile Include="dxvk\dxvk_resource.cpp">
      <Filter>Source Files</Filter>
    </ClCompile>
    <ClCompile Include="dxvk\dxvk_sampler.cpp">
      <Filter>Source Files</Filter>
    </ClCompile>
    <ClCompile Include="dxvk\dxvk_shader.cpp">
      <Filter>Source Files</Filter>
    </ClCompile>
    <ClCompile Include="dxvk\dxvk_shader_key.cpp">
      <Filter>Source Files</Filter>
    </ClCompile>
    <ClCompile Include="dxvk\dxvk_signal.cpp">
      <Filter>Source Files</Filter>
    </ClCompile>
    <ClCompile Include="dxvk\dxvk_spec_const.cpp">
      <Filter>Source Files</Filter>
    </ClCompile>
    <ClCompile Include="dxvk\dxvk_staging.cpp">
      <Filter>Source Files</Filter>
    </ClCompile>
    <ClCompile Include="dxvk\dxvk_state_cache.cpp">
      <Filter>Source Files</Filter>
    </ClCompile>
    <ClCompile Include="dxvk\dxvk_stats.cpp">
      <Filter>Source Files</Filter>
    </ClCompile>
    <ClCompile Include="dxvk\dxvk_swapchain_blitter.cpp">
      <Filter>Source Files</Filter>
    </ClCompile>
    <ClCompile Include="dxvk\dxvk_unbound.cpp">
      <Filter>Source Files</Filter>
    </ClCompile>
    <ClCompile Include="dxvk\dxvk_util.cpp">
      <Filter>Source Files</Filter>
    </ClCompile>
    <ClCompile Include="dxvk\hud\dxvk_hud.cpp">
      <Filter>Source Files</Filter>
    </ClCompile>
    <ClCompile Include="dxvk\hud\dxvk_hud_font.cpp">
      <Filter>Source Files</Filter>
    </ClCompile>
    <ClCompile Include="dxvk\hud\dxvk_hud_item.cpp">
      <Filter>Source Files</Filter>
    </ClCompile>
    <ClCompile Include="dxvk\hud\dxvk_hud_renderer.cpp">
      <Filter>Source Files</Filter>
    </ClCompile>
    <ClCompile Include="dxvk\platform\dxvk_win32_exts.cpp">
      <Filter>Source Files</Filter>
    </ClCompile>
    <ClCompile Include="spirv\spirv_code_buffer.cpp">
      <Filter>Source Files</Filter>
    </ClCompile>
    <ClCompile Include="spirv\spirv_compression.cpp">
      <Filter>Source Files</Filter>
    </ClCompile>
    <ClCompile Include="spirv\spirv_module.cpp">
      <Filter>Source Files</Filter>
    </ClCompile>
    <ClCompile Include="util\com\com_guid.cpp">
      <Filter>Source Files</Filter>
    </ClCompile>
    <ClCompile Include="util\com\com_private_data.cpp">
      <Filter>Source Files</Filter>
    </ClCompile>
    <ClCompile Include="util\config\config.cpp">
      <Filter>Source Files</Filter>
    </ClCompile>
    <ClCompile Include="util\log\log.cpp">
      <Filter>Source Files</Filter>
    </ClCompile>
    <ClCompile Include="util\log\log_debug.cpp">
      <Filter>Source Files</Filter>
    </ClCompile>
    <ClCompile Include="util\sha1\sha1.c">
      <Filter>Source Files</Filter>
    </ClCompile>
    <ClCompile Include="util\sha1\sha1_util.cpp">
      <Filter>Source Files</Filter>
    </ClCompile>
    <ClCompile Include="util\sync\sync_recursive.cpp">
      <Filter>Source Files</Filter>
    </ClCompile>
    <ClCompile Include="util\thread.cpp">
      <Filter>Source Files</Filter>
    </ClCompile>
    <ClCompile Include="util\util_env.cpp">
      <Filter>Source Files</Filter>
    </ClCompile>
    <ClCompile Include="util\util_fps_limiter.cpp">
      <Filter>Source Files</Filter>
    </ClCompile>
    <ClCompile Include="util\util_gdi.cpp">
      <Filter>Source Files</Filter>
    </ClCompile>
    <ClCompile Include="util\util_luid.cpp">
      <Filter>Source Files</Filter>
    </ClCompile>
    <ClCompile Include="util\util_matrix.cpp">
      <Filter>Source Files</Filter>
    </ClCompile>
    <ClCompile Include="util\util_monitor.cpp">
      <Filter>Source Files</Filter>
    </ClCompile>
    <ClCompile Include="util\util_shared_res.cpp">
      <Filter>Source Files</Filter>
    </ClCompile>
    <ClCompile Include="util\util_string.cpp">
      <Filter>Source Files</Filter>
    </ClCompile>
    <ClCompile Include="vulkan\vulkan_loader.cpp">
      <Filter>Source Files</Filter>
    </ClCompile>
    <ClCompile Include="vulkan\vulkan_names.cpp">
      <Filter>Source Files</Filter>
    </ClCompile>
    <ClCompile Include="vulkan\vulkan_presenter.cpp">
      <Filter>Source Files</Filter>
    </ClCompile>
    <ClCompile Include="d3d9\d3d9_adapter.cpp">
      <Filter>Source Files</Filter>
    </ClCompile>
    <ClCompile Include="d3d9\d3d9_annotation.cpp">
      <Filter>Source Files</Filter>
    </ClCompile>
    <ClCompile Include="d3d9\d3d9_buffer.cpp">
      <Filter>Source Files</Filter>
    </ClCompile>
    <ClCompile Include="d3d9\d3d9_common_buffer.cpp">
      <Filter>Source Files</Filter>
    </ClCompile>
    <ClCompile Include="d3d9\d3d9_common_texture.cpp">
      <Filter>Source Files</Filter>
    </ClCompile>
    <ClCompile Include="d3d9\d3d9_cursor.cpp">
      <Filter>Source Files</Filter>
    </ClCompile>
    <ClCompile Include="d3d9\d3d9_device.cpp">
      <Filter>Source Files</Filter>
    </ClCompile>
    <ClCompile Include="d3d9\d3d9_fixed_function.cpp">
      <Filter>Source Files</Filter>
    </ClCompile>
    <ClCompile Include="d3d9\d3d9_format.cpp">
      <Filter>Source Files</Filter>
    </ClCompile>
    <ClCompile Include="d3d9\d3d9_format_helpers.cpp">
      <Filter>Source Files</Filter>
    </ClCompile>
    <ClCompile Include="d3d9\d3d9_hud.cpp">
      <Filter>Source Files</Filter>
    </ClCompile>
    <ClCompile Include="d3d9\d3d9_initializer.cpp">
      <Filter>Source Files</Filter>
    </ClCompile>
    <ClCompile Include="d3d9\d3d9_interface.cpp">
      <Filter>Source Files</Filter>
    </ClCompile>
    <ClCompile Include="d3d9\d3d9_main.cpp">
      <Filter>Source Files</Filter>
    </ClCompile>
    <ClCompile Include="d3d9\d3d9_monitor.cpp">
      <Filter>Source Files</Filter>
    </ClCompile>
    <ClCompile Include="d3d9\d3d9_multithread.cpp">
      <Filter>Source Files</Filter>
    </ClCompile>
    <ClCompile Include="d3d9\d3d9_names.cpp">
      <Filter>Source Files</Filter>
    </ClCompile>
    <ClCompile Include="d3d9\d3d9_options.cpp">
      <Filter>Source Files</Filter>
    </ClCompile>
    <ClCompile Include="d3d9\d3d9_query.cpp">
      <Filter>Source Files</Filter>
    </ClCompile>
    <ClCompile Include="d3d9\d3d9_sampler.cpp">
      <Filter>Source Files</Filter>
    </ClCompile>
    <ClCompile Include="d3d9\d3d9_shader.cpp">
      <Filter>Source Files</Filter>
    </ClCompile>
    <ClCompile Include="d3d9\d3d9_state.cpp">
      <Filter>Source Files</Filter>
    </ClCompile>
    <ClCompile Include="d3d9\d3d9_stateblock.cpp">
      <Filter>Source Files</Filter>
    </ClCompile>
    <ClCompile Include="d3d9\d3d9_surface.cpp">
      <Filter>Source Files</Filter>
    </ClCompile>
    <ClCompile Include="d3d9\d3d9_swapchain.cpp">
      <Filter>Source Files</Filter>
    </ClCompile>
    <ClCompile Include="d3d9\d3d9_swvp_emu.cpp">
      <Filter>Source Files</Filter>
    </ClCompile>
    <ClCompile Include="d3d9\d3d9_texture.cpp">
      <Filter>Source Files</Filter>
    </ClCompile>
    <ClCompile Include="d3d9\d3d9_util.cpp">
      <Filter>Source Files</Filter>
    </ClCompile>
    <ClCompile Include="d3d9\d3d9_vertex_declaration.cpp">
      <Filter>Source Files</Filter>
    </ClCompile>
    <ClCompile Include="d3d9\d3d9_volume.cpp">
      <Filter>Source Files</Filter>
    </ClCompile>
  </ItemGroup>
  <ItemGroup>
    <ClInclude Include="dxso\dxso_analysis.h">
      <Filter>Header Files</Filter>
    </ClInclude>
    <ClInclude Include="dxso\dxso_code.h">
      <Filter>Header Files</Filter>
    </ClInclude>
    <ClInclude Include="dxso\dxso_common.h">
      <Filter>Header Files</Filter>
    </ClInclude>
    <ClInclude Include="dxso\dxso_compiler.h">
      <Filter>Header Files</Filter>
    </ClInclude>
    <ClInclude Include="dxso\dxso_ctab.h">
      <Filter>Header Files</Filter>
    </ClInclude>
    <ClInclude Include="dxso\dxso_decoder.h">
      <Filter>Header Files</Filter>
    </ClInclude>
    <ClInclude Include="dxso\dxso_enums.h">
      <Filter>Header Files</Filter>
    </ClInclude>
    <ClInclude Include="dxso\dxso_header.h">
      <Filter>Header Files</Filter>
    </ClInclude>
    <ClInclude Include="dxso\dxso_include.h">
      <Filter>Header Files</Filter>
    </ClInclude>
    <ClInclude Include="dxso\dxso_isgn.h">
      <Filter>Header Files</Filter>
    </ClInclude>
    <ClInclude Include="dxso\dxso_modinfo.h">
      <Filter>Header Files</Filter>
    </ClInclude>
    <ClInclude Include="dxso\dxso_module.h">
      <Filter>Header Files</Filter>
    </ClInclude>
    <ClInclude Include="dxso\dxso_options.h">
      <Filter>Header Files</Filter>
    </ClInclude>
    <ClInclude Include="dxso\dxso_reader.h">
      <Filter>Header Files</Filter>
    </ClInclude>
    <ClInclude Include="dxso\dxso_tables.h">
      <Filter>Header Files</Filter>
    </ClInclude>
    <ClInclude Include="dxso\dxso_util.h">
      <Filter>Header Files</Filter>
    </ClInclude>
    <ClInclude Include="dxvk\dxvk_adapter.h">
      <Filter>Header Files</Filter>
    </ClInclude>
    <ClInclude Include="dxvk\dxvk_annotation.h">
      <Filter>Header Files</Filter>
    </ClInclude>
    <ClInclude Include="dxvk\dxvk_barrier.h">
      <Filter>Header Files</Filter>
    </ClInclude>
    <ClInclude Include="dxvk\dxvk_bind_mask.h">
      <Filter>Header Files</Filter>
    </ClInclude>
    <ClInclude Include="dxvk\dxvk_buffer.h">
      <Filter>Header Files</Filter>
    </ClInclude>
    <ClInclude Include="dxvk\dxvk_cmdlist.h">
      <Filter>Header Files</Filter>
    </ClInclude>
    <ClInclude Include="dxvk\dxvk_compute.h">
      <Filter>Header Files</Filter>
    </ClInclude>
    <ClInclude Include="dxvk\dxvk_constant_state.h">
      <Filter>Header Files</Filter>
    </ClInclude>
    <ClInclude Include="dxvk\dxvk_context.h">
      <Filter>Header Files</Filter>
    </ClInclude>
    <ClInclude Include="dxvk\dxvk_context_state.h">
      <Filter>Header Files</Filter>
    </ClInclude>
    <ClInclude Include="dxvk\dxvk_cs.h">
      <Filter>Header Files</Filter>
    </ClInclude>
    <ClInclude Include="dxvk\dxvk_data.h">
      <Filter>Header Files</Filter>
    </ClInclude>
    <ClInclude Include="dxvk\dxvk_descriptor.h">
      <Filter>Header Files</Filter>
    </ClInclude>
    <ClInclude Include="dxvk\dxvk_device.h">
      <Filter>Header Files</Filter>
    </ClInclude>
    <ClInclude Include="dxvk\dxvk_device_filter.h">
      <Filter>Header Files</Filter>
    </ClInclude>
    <ClInclude Include="dxvk\dxvk_device_info.h">
      <Filter>Header Files</Filter>
    </ClInclude>
    <ClInclude Include="dxvk\dxvk_extensions.h">
      <Filter>Header Files</Filter>
    </ClInclude>
    <ClInclude Include="dxvk\dxvk_extension_provider.h">
      <Filter>Header Files</Filter>
    </ClInclude>
    <ClInclude Include="dxvk\dxvk_fence.h">
      <Filter>Header Files</Filter>
    </ClInclude>
    <ClInclude Include="dxvk\dxvk_format.h">
      <Filter>Header Files</Filter>
    </ClInclude>
    <ClInclude Include="dxvk\dxvk_framebuffer.h">
      <Filter>Header Files</Filter>
    </ClInclude>
    <ClInclude Include="dxvk\dxvk_gpu_event.h">
      <Filter>Header Files</Filter>
    </ClInclude>
    <ClInclude Include="dxvk\dxvk_gpu_query.h">
      <Filter>Header Files</Filter>
    </ClInclude>
    <ClInclude Include="dxvk\dxvk_graphics.h">
      <Filter>Header Files</Filter>
    </ClInclude>
    <ClInclude Include="dxvk\dxvk_graphics_state.h">
      <Filter>Header Files</Filter>
    </ClInclude>
    <ClInclude Include="dxvk\dxvk_hash.h">
      <Filter>Header Files</Filter>
    </ClInclude>
    <ClInclude Include="dxvk\dxvk_image.h">
      <Filter>Header Files</Filter>
    </ClInclude>
    <ClInclude Include="dxvk\dxvk_include.h">
      <Filter>Header Files</Filter>
    </ClInclude>
    <ClInclude Include="dxvk\dxvk_instance.h">
      <Filter>Header Files</Filter>
    </ClInclude>
    <ClInclude Include="dxvk\dxvk_lifetime.h">
      <Filter>Header Files</Filter>
    </ClInclude>
    <ClInclude Include="dxvk\dxvk_limits.h">
      <Filter>Header Files</Filter>
    </ClInclude>
    <ClInclude Include="dxvk\dxvk_memory.h">
      <Filter>Header Files</Filter>
    </ClInclude>
    <ClInclude Include="dxvk\dxvk_meta_blit.h">
      <Filter>Header Files</Filter>
    </ClInclude>
    <ClInclude Include="dxvk\dxvk_meta_clear.h">
      <Filter>Header Files</Filter>
    </ClInclude>
    <ClInclude Include="dxvk\dxvk_meta_copy.h">
      <Filter>Header Files</Filter>
    </ClInclude>
    <ClInclude Include="dxvk\dxvk_meta_mipgen.h">
      <Filter>Header Files</Filter>
    </ClInclude>
    <ClInclude Include="dxvk\dxvk_meta_pack.h">
      <Filter>Header Files</Filter>
    </ClInclude>
    <ClInclude Include="dxvk\dxvk_meta_resolve.h">
      <Filter>Header Files</Filter>
    </ClInclude>
    <ClInclude Include="dxvk\dxvk_objects.h">
      <Filter>Header Files</Filter>
    </ClInclude>
    <ClInclude Include="dxvk\dxvk_openvr.h">
      <Filter>Header Files</Filter>
    </ClInclude>
    <ClInclude Include="dxvk\dxvk_openxr.h">
      <Filter>Header Files</Filter>
    </ClInclude>
    <ClInclude Include="dxvk\dxvk_options.h">
      <Filter>Header Files</Filter>
    </ClInclude>
    <ClInclude Include="dxvk\dxvk_pipecache.h">
      <Filter>Header Files</Filter>
    </ClInclude>
    <ClInclude Include="dxvk\dxvk_pipelayout.h">
      <Filter>Header Files</Filter>
    </ClInclude>
    <ClInclude Include="dxvk\dxvk_pipemanager.h">
      <Filter>Header Files</Filter>
    </ClInclude>
    <ClInclude Include="dxvk\dxvk_platform_exts.h">
      <Filter>Header Files</Filter>
    </ClInclude>
    <ClInclude Include="dxvk\dxvk_queue.h">
      <Filter>Header Files</Filter>
    </ClInclude>
    <ClInclude Include="dxvk\dxvk_recycler.h">
      <Filter>Header Files</Filter>
    </ClInclude>
    <ClInclude Include="dxvk\dxvk_renderpass.h">
      <Filter>Header Files</Filter>
    </ClInclude>
    <ClInclude Include="dxvk\dxvk_resource.h">
      <Filter>Header Files</Filter>
    </ClInclude>
    <ClInclude Include="dxvk\dxvk_sampler.h">
      <Filter>Header Files</Filter>
    </ClInclude>
    <ClInclude Include="dxvk\dxvk_shader.h">
      <Filter>Header Files</Filter>
    </ClInclude>
    <ClInclude Include="dxvk\dxvk_shader_key.h">
      <Filter>Header Files</Filter>
    </ClInclude>
    <ClInclude Include="dxvk\dxvk_signal.h">
      <Filter>Header Files</Filter>
    </ClInclude>
    <ClInclude Include="dxvk\dxvk_spec_const.h">
      <Filter>Header Files</Filter>
    </ClInclude>
    <ClInclude Include="dxvk\dxvk_staging.h">
      <Filter>Header Files</Filter>
    </ClInclude>
    <ClInclude Include="dxvk\dxvk_state_cache.h">
      <Filter>Header Files</Filter>
    </ClInclude>
    <ClInclude Include="dxvk\dxvk_state_cache_types.h">
      <Filter>Header Files</Filter>
    </ClInclude>
    <ClInclude Include="dxvk\dxvk_stats.h">
      <Filter>Header Files</Filter>
    </ClInclude>
    <ClInclude Include="dxvk\dxvk_swapchain_blitter.h">
      <Filter>Header Files</Filter>
    </ClInclude>
    <ClInclude Include="dxvk\dxvk_unbound.h">
      <Filter>Header Files</Filter>
    </ClInclude>
    <ClInclude Include="dxvk\dxvk_util.h">
      <Filter>Header Files</Filter>
    </ClInclude>
    <ClInclude Include="dxvk\hud\dxvk_hud.h">
      <Filter>Header Files</Filter>
    </ClInclude>
    <ClInclude Include="dxvk\hud\dxvk_hud_font.h">
      <Filter>Header Files</Filter>
    </ClInclude>
    <ClInclude Include="dxvk\hud\dxvk_hud_item.h">
      <Filter>Header Files</Filter>
    </ClInclude>
    <ClInclude Include="dxvk\hud\dxvk_hud_renderer.h">
      <Filter>Header Files</Filter>
    </ClInclude>
    <ClInclude Include="spirv\spirv_code_buffer.h">
      <Filter>Header Files</Filter>
    </ClInclude>
    <ClInclude Include="spirv\spirv_compression.h">
      <Filter>Header Files</Filter>
    </ClInclude>
    <ClInclude Include="spirv\spirv_include.h">
      <Filter>Header Files</Filter>
    </ClInclude>
    <ClInclude Include="spirv\spirv_instruction.h">
      <Filter>Header Files</Filter>
    </ClInclude>
    <ClInclude Include="spirv\spirv_module.h">
      <Filter>Header Files</Filter>
    </ClInclude>
    <ClInclude Include="util\com\com_guid.h">
      <Filter>Header Files</Filter>
    </ClInclude>
    <ClInclude Include="util\com\com_include.h">
      <Filter>Header Files</Filter>
    </ClInclude>
    <ClInclude Include="util\com\com_object.h">
      <Filter>Header Files</Filter>
    </ClInclude>
    <ClInclude Include="util\com\com_pointer.h">
      <Filter>Header Files</Filter>
    </ClInclude>
    <ClInclude Include="util\com\com_private_data.h">
      <Filter>Header Files</Filter>
    </ClInclude>
    <ClInclude Include="util\config\config.h">
      <Filter>Header Files</Filter>
    </ClInclude>
    <ClInclude Include="util\log\log.h">
      <Filter>Header Files</Filter>
    </ClInclude>
    <ClInclude Include="util\log\log_debug.h">
      <Filter>Header Files</Filter>
    </ClInclude>
    <ClInclude Include="util\rc\util_rc.h">
      <Filter>Header Files</Filter>
    </ClInclude>
    <ClInclude Include="util\rc\util_rc_ptr.h">
      <Filter>Header Files</Filter>
    </ClInclude>
    <ClInclude Include="util\sha1\sha1.h">
      <Filter>Header Files</Filter>
    </ClInclude>
    <ClInclude Include="util\sha1\sha1_util.h">
      <Filter>Header Files</Filter>
    </ClInclude>
    <ClInclude Include="util\sync\sync_list.h">
      <Filter>Header Files</Filter>
    </ClInclude>
    <ClInclude Include="util\sync\sync_recursive.h">
      <Filter>Header Files</Filter>
    </ClInclude>
    <ClInclude Include="util\sync\sync_signal.h">
      <Filter>Header Files</Filter>
    </ClInclude>
    <ClInclude Include="util\sync\sync_spinlock.h">
      <Filter>Header Files</Filter>
    </ClInclude>
    <ClInclude Include="util\sync\sync_ticketlock.h">
      <Filter>Header Files</Filter>
    </ClInclude>
    <ClInclude Include="util\thread.h">
      <Filter>Header Files</Filter>
    </ClInclude>
    <ClInclude Include="util\util_bit.h">
      <Filter>Header Files</Filter>
    </ClInclude>
    <ClInclude Include="util\util_enum.h">
      <Filter>Header Files</Filter>
    </ClInclude>
    <ClInclude Include="util\util_env.h">
      <Filter>Header Files</Filter>
    </ClInclude>
    <ClInclude Include="util\util_error.h">
      <Filter>Header Files</Filter>
    </ClInclude>
    <ClInclude Include="util\util_flags.h">
      <Filter>Header Files</Filter>
    </ClInclude>
    <ClInclude Include="util\util_fps_limiter.h">
      <Filter>Header Files</Filter>
    </ClInclude>
    <ClInclude Include="util\util_gdi.h">
      <Filter>Header Files</Filter>
    </ClInclude>
    <ClInclude Include="util\util_lazy.h">
      <Filter>Header Files</Filter>
    </ClInclude>
    <ClInclude Include="util\util_likely.h">
      <Filter>Header Files</Filter>
    </ClInclude>
    <ClInclude Include="util\util_luid.h">
      <Filter>Header Files</Filter>
    </ClInclude>
    <ClInclude Include="util\util_math.h">
      <Filter>Header Files</Filter>
    </ClInclude>
    <ClInclude Include="util\util_matrix.h">
      <Filter>Header Files</Filter>
    </ClInclude>
    <ClInclude Include="util\util_misc.h">
      <Filter>Header Files</Filter>
    </ClInclude>
    <ClInclude Include="util\util_monitor.h">
      <Filter>Header Files</Filter>
    </ClInclude>
    <ClInclude Include="util\util_ratio.h">
      <Filter>Header Files</Filter>
    </ClInclude>
    <ClInclude Include="util\util_shared_res.h">
      <Filter>Header Files</Filter>
    </ClInclude>
    <ClInclude Include="util\util_small_vector.h">
      <Filter>Header Files</Filter>
    </ClInclude>
    <ClInclude Include="util\util_string.h">
      <Filter>Header Files</Filter>
    </ClInclude>
    <ClInclude Include="util\util_time.h">
      <Filter>Header Files</Filter>
    </ClInclude>
    <ClInclude Include="util\util_vector.h">
      <Filter>Header Files</Filter>
    </ClInclude>
    <ClInclude Include="vulkan\vulkan_loader.h">
      <Filter>Header Files</Filter>
    </ClInclude>
    <ClInclude Include="vulkan\vulkan_names.h">
      <Filter>Header Files</Filter>
    </ClInclude>
    <ClInclude Include="vulkan\vulkan_presenter.h">
      <Filter>Header Files</Filter>
    </ClInclude>
    <ClInclude Include="vulkan\vulkan_util.h">
      <Filter>Header Files</Filter>
    </ClInclude>
    <ClInclude Include="d3d9\d3d9_adapter.h">
      <Filter>Header Files</Filter>
    </ClInclude>
    <ClInclude Include="d3d9\d3d9_annotation.h">
      <Filter>Header Files</Filter>
    </ClInclude>
    <ClInclude Include="d3d9\d3d9_buffer.h">
      <Filter>Header Files</Filter>
    </ClInclude>
    <ClInclude Include="d3d9\d3d9_caps.h">
      <Filter>Header Files</Filter>
    </ClInclude>
    <ClInclude Include="d3d9\d3d9_common_buffer.h">
      <Filter>Header Files</Filter>
    </ClInclude>
    <ClInclude Include="d3d9\d3d9_common_texture.h">
      <Filter>Header Files</Filter>
    </ClInclude>
    <ClInclude Include="d3d9\d3d9_constant_layout.h">
      <Filter>Header Files</Filter>
    </ClInclude>
    <ClInclude Include="d3d9\d3d9_constant_set.h">
      <Filter>Header Files</Filter>
    </ClInclude>
    <ClInclude Include="d3d9\d3d9_cursor.h">
      <Filter>Header Files</Filter>
    </ClInclude>
    <ClInclude Include="d3d9\d3d9_device.h">
      <Filter>Header Files</Filter>
    </ClInclude>
    <ClInclude Include="d3d9\d3d9_device_child.h">
      <Filter>Header Files</Filter>
    </ClInclude>
    <ClInclude Include="d3d9\d3d9_fixed_function.h">
      <Filter>Header Files</Filter>
    </ClInclude>
    <ClInclude Include="d3d9\d3d9_format.h">
      <Filter>Header Files</Filter>
    </ClInclude>
    <ClInclude Include="d3d9\d3d9_format_helpers.h">
      <Filter>Header Files</Filter>
    </ClInclude>
    <ClInclude Include="d3d9\d3d9_hud.h">
      <Filter>Header Files</Filter>
    </ClInclude>
    <ClInclude Include="d3d9\d3d9_include.h">
      <Filter>Header Files</Filter>
    </ClInclude>
    <ClInclude Include="d3d9\d3d9_initializer.h">
      <Filter>Header Files</Filter>
    </ClInclude>
    <ClInclude Include="d3d9\d3d9_interface.h">
      <Filter>Header Files</Filter>
    </ClInclude>
    <ClInclude Include="d3d9\d3d9_monitor.h">
      <Filter>Header Files</Filter>
    </ClInclude>
    <ClInclude Include="d3d9\d3d9_multithread.h">
      <Filter>Header Files</Filter>
    </ClInclude>
    <ClInclude Include="d3d9\d3d9_names.h">
      <Filter>Header Files</Filter>
    </ClInclude>
    <ClInclude Include="d3d9\d3d9_options.h">
      <Filter>Header Files</Filter>
    </ClInclude>
    <ClInclude Include="d3d9\d3d9_query.h">
      <Filter>Header Files</Filter>
    </ClInclude>
    <ClInclude Include="d3d9\d3d9_resource.h">
      <Filter>Header Files</Filter>
    </ClInclude>
    <ClInclude Include="d3d9\d3d9_sampler.h">
      <Filter>Header Files</Filter>
    </ClInclude>
    <ClInclude Include="d3d9\d3d9_shader.h">
      <Filter>Header Files</Filter>
    </ClInclude>
    <ClInclude Include="d3d9\d3d9_shader_permutations.h">
      <Filter>Header Files</Filter>
    </ClInclude>
    <ClInclude Include="d3d9\d3d9_shader_validator.h">
      <Filter>Header Files</Filter>
    </ClInclude>
    <ClInclude Include="d3d9\d3d9_spec_constants.h">
      <Filter>Header Files</Filter>
    </ClInclude>
    <ClInclude Include="d3d9\d3d9_state.h">
      <Filter>Header Files</Filter>
    </ClInclude>
    <ClInclude Include="d3d9\d3d9_stateblock.h">
      <Filter>Header Files</Filter>
    </ClInclude>
    <ClInclude Include="d3d9\d3d9_subresource.h">
      <Filter>Header Files</Filter>
    </ClInclude>
    <ClInclude Include="d3d9\d3d9_surface.h">
      <Filter>Header Files</Filter>
    </ClInclude>
    <ClInclude Include="d3d9\d3d9_swapchain.h">
      <Filter>Header Files</Filter>
    </ClInclude>
    <ClInclude Include="d3d9\d3d9_swvp_emu.h">
      <Filter>Header Files</Filter>
    </ClInclude>
    <ClInclude Include="d3d9\d3d9_texture.h">
      <Filter>Header Files</Filter>
    </ClInclude>
    <ClInclude Include="d3d9\d3d9_util.h">
      <Filter>Header Files</Filter>
    </ClInclude>
    <ClInclude Include="d3d9\d3d9_vertex_declaration.h">
      <Filter>Header Files</Filter>
    </ClInclude>
    <ClInclude Include="d3d9\d3d9_volume.h">
      <Filter>Header Files</Filter>
    </ClInclude>
  </ItemGroup>
  <ItemGroup>
    <ResourceCompile Include="d3d9\version.rc">
      <Filter>Resource Files</Filter>
    </ResourceCompile>
  </ItemGroup>
  <ItemGroup>
    <None Include="d3d9\d3d9.def">
      <Filter>Source Files</Filter>
    </None>
  </ItemGroup>
</Project>